
Microsoft Visual Studio Solution File, Format Version 12.00
# Visual Studio Version 16
VisualStudioVersion = 16.0.30204.135
MinimumVisualStudioVersion = 10.0.40219.1
Project("{FAE04EC0-301F-11D3-BF4B-00C04F79EFBC}") = "AndroidXamarin", "AndroidXamarin\AndroidXamarin.csproj", "{9F1A6D0D-2BDE-4532-9DC0-52D5537D324A}"
EndProject
Global
	GlobalSection(SolutionConfigurationPlatforms) = preSolution
		Debug|Any CPU = Debug|Any CPU
		Release|Any CPU = Release|Any CPU
	EndGlobalSection
	GlobalSection(ProjectConfigurationPlatforms) = postSolution
		{9F1A6D0D-2BDE-4532-9DC0-52D5537D324A}.Debug|Any CPU.ActiveCfg = Debug|Any CPU
		{9F1A6D0D-2BDE-4532-9DC0-52D5537D324A}.Debug|Any CPU.Build.0 = Debug|Any CPU
		{9F1A6D0D-2BDE-4532-9DC0-52D5537D324A}.Debug|Any CPU.Deploy.0 = Debug|Any CPU
		{9F1A6D0D-2BDE-4532-9DC0-52D5537D324A}.Release|Any CPU.ActiveCfg = Release|Any CPU
		{9F1A6D0D-2BDE-4532-9DC0-52D5537D324A}.Release|Any CPU.Build.0 = Release|Any CPU
		{9F1A6D0D-2BDE-4532-9DC0-52D5537D324A}.Release|Any CPU.Deploy.0 = Release|Any CPU
	EndGlobalSection
	GlobalSection(SolutionProperties) = preSolution
		HideSolutionNode = FALSE
	EndGlobalSection
	GlobalSection(ExtensibilityGlobals) = postSolution
		SolutionGuid = {2C1B2A5C-53BF-4C61-87A4-0DC31614D0BA}
	EndGlobalSection
EndGlobal
